PODS:
  - Alamofire (5.5.0)
  - GoogleMaps (6.0.1):
    - GoogleMaps/Maps (= 6.0.1)
  - GoogleMaps/Base (6.0.1)
  - GoogleMaps/Maps (6.0.1):
    - GoogleMaps/Base
  - Kingfisher (7.1.2)
  - Realm (10.22.0):
    - Realm/Headers (= 10.22.0)
  - Realm/Headers (10.22.0)
  - RealmSwift (10.22.0):
    - Realm (= 10.22.0)
  - SnapKit (5.0.1)
  - SwiftLint (0.46.3)
  - Then (2.7.0)

DEPENDENCIES:
  - Alamofire
  - GoogleMaps
  - Kingfisher
  - RealmSwift
  - SnapKit
  - SwiftLint
  - Then

SPEC REPOS:
  trunk:
    - Alamofire
    - GoogleMaps
    - Kingfisher
    - Realm
    - RealmSwift
    - SnapKit
    - SwiftLint
    - Then

SPEC CHECKSUMS:
  Alamofire: 1c4fb5369c3fe93d2857c780d8bbe09f06f97e7c
  GoogleMaps: c213fc2334b7374144cede914da779b99be0ab74
  Kingfisher: 44ed6a8504763f27bab46163adfac83f5deb240c
  Realm: d9e4e5877095a6722145811f56fe89a531c9659d
  RealmSwift: e4191b4b957fcfcbed23751ec65eec98f8173ab5
  SnapKit: 97b92857e3df3a0c71833cce143274bf6ef8e5eb
  SwiftLint: ae76d82f056734f853c8cd0371503252c606c482
  Then: acfe0be7e98221c6204e12f8161459606d5d822d

PODFILE CHECKSUM: 350536b5c5370c203f58a01ff648a2655185510b

COCOAPODS: 1.11.2
